
Microsoft Visual Studio Solution File, Format Version 12.00
# Visual Studio Version 17
VisualStudioVersion = 17.4.33110.190
MinimumVisualStudioVersion = 10.0.40219.1
Project("{9A19103F-16F7-4668-BE54-9A1E7A4F7556}") = "DuckHunterGame", "DuckHunterGame.csproj", "{CBCCFAC0-0825-4581-A927-DC6A4B91078F}"
EndProject
Project("{9A19103F-16F7-4668-BE54-9A1E7A4F7556}") = "DuckHunter.Models", "..\DuckHunter.Models\DuckHunter.Models.csproj", "{4F8200A4-C551-4F7B-83A7-09F4B2ADA09F}"
EndProject
Project("{9A19103F-16F7-4668-BE54-9A1E7A4F7556}") = "DuckHunterWPF", "..\DuckHunterWPF\DuckHunterWPF.csproj", "{DCF0B853-881D-4BB8-8A86-F1942442408A}"
EndProject
Project("{9A19103F-16F7-4668-BE54-9A1E7A4F7556}") = "DuckHunter.Controllers", "..\DuckHunter.Controllers\DuckHunter.Controllers.csproj", "{EC2932EC-981B-4BFC-8626-2F5571EF0B98}"
EndProject
Global
	GlobalSection(SolutionConfigurationPlatforms) = preSolution
		Debug|Any CPU = Debug|Any CPU
		Release|Any CPU = Release|Any CPU
	EndGlobalSection
	GlobalSection(ProjectConfigurationPlatforms) = postSolution
		{CBCCFAC0-0825-4581-A927-DC6A4B91078F}.Debug|Any CPU.ActiveCfg = Debug|Any CPU
		{CBCCFAC0-0825-4581-A927-DC6A4B91078F}.Debug|Any CPU.Build.0 = Debug|Any CPU
		{CBCCFAC0-0825-4581-A927-DC6A4B91078F}.Release|Any CPU.ActiveCfg = Release|Any CPU
		{CBCCFAC0-0825-4581-A927-DC6A4B91078F}.Release|Any CPU.Build.0 = Release|Any CPU
		{4F8200A4-C551-4F7B-83A7-09F4B2ADA09F}.Debug|Any CPU.ActiveCfg = Debug|Any CPU
		{4F8200A4-C551-4F7B-83A7-09F4B2ADA09F}.Debug|Any CPU.Build.0 = Debug|Any CPU
		{4F8200A4-C551-4F7B-83A7-09F4B2ADA09F}.Release|Any CPU.ActiveCfg = Release|Any CPU
		{4F8200A4-C551-4F7B-83A7-09F4B2ADA09F}.Release|Any CPU.Build.0 = Release|Any CPU
		{DCF0B853-881D-4BB8-8A86-F1942442408A}.Debug|Any CPU.ActiveCfg = Debug|Any CPU
		{DCF0B853-881D-4BB8-8A86-F1942442408A}.Debug|Any CPU.Build.0 = Debug|Any CPU
		{DCF0B853-881D-4BB8-8A86-F1942442408A}.Release|Any CPU.ActiveCfg = Release|Any CPU
		{DCF0B853-881D-4BB8-8A86-F1942442408A}.Release|Any CPU.Build.0 = Release|Any CPU
		{EC2932EC-981B-4BFC-8626-2F5571EF0B98}.Debug|Any CPU.ActiveCfg = Debug|Any CPU
		{EC2932EC-981B-4BFC-8626-2F5571EF0B98}.Debug|Any CPU.Build.0 = Debug|Any CPU
		{EC2932EC-981B-4BFC-8626-2F5571EF0B98}.Release|Any CPU.ActiveCfg = Release|Any CPU
		{EC2932EC-981B-4BFC-8626-2F5571EF0B98}.Release|Any CPU.Build.0 = Release|Any CPU
	EndGlobalSection
	GlobalSection(SolutionProperties) = preSolution
		HideSolutionNode = FALSE
	EndGlobalSection
	GlobalSection(ExtensibilityGlobals) = postSolution
		SolutionGuid = {F3F9498D-CB83-4FF9-8662-B919F55BCA62}
	EndGlobalSection
EndGlobal
